
Microsoft Visual Studio Solution File, Format Version 12.00
# Visual Studio 15
Project("{FAE04EC0-301F-11D3-BF4B-00C04F79EFBC}") = "Assembly-CSharp", "Assembly-CSharp.csproj", "{F8AAD9DA-424E-3B9B-B3D2-E9A954CF569E}"
EndProject
Project("{FAE04EC0-301F-11D3-BF4B-00C04F79EFBC}") = "Assembly-CSharp-firstpass", "Assembly-CSharp-firstpass.csproj", "{10F290A2-0B64-B195-892E-C82059D74636}"
EndProject
Project("{FAE04EC0-301F-11D3-BF4B-00C04F79EFBC}") = "Assembly-CSharp-Editor-firstpass", "Assembly-CSharp-Editor-firstpass.csproj", "{9C2B0486-B6A7-56ED-5976-D9917740E449}"
EndProject
Global
	GlobalSection(SolutionConfigurationPlatforms) = preSolution
		Debug|Any CPU = Debug|Any CPU
		Release|Any CPU = Release|Any CPU
	EndGlobalSection
	GlobalSection(ProjectConfigurationPlatforms) = postSolution
		{F8AAD9DA-424E-3B9B-B3D2-E9A954CF569E}.Debug|Any CPU.ActiveCfg = Debug|Any CPU
		{F8AAD9DA-424E-3B9B-B3D2-E9A954CF569E}.Debug|Any CPU.Build.0 = Debug|Any CPU
		{F8AAD9DA-424E-3B9B-B3D2-E9A954CF569E}.Release|Any CPU.ActiveCfg = Release|Any CPU
		{F8AAD9DA-424E-3B9B-B3D2-E9A954CF569E}.Release|Any CPU.Build.0 = Release|Any CPU
		{10F290A2-0B64-B195-892E-C82059D74636}.Debug|Any CPU.ActiveCfg = Debug|Any CPU
		{10F290A2-0B64-B195-892E-C82059D74636}.Debug|Any CPU.Build.0 = Debug|Any CPU
		{10F290A2-0B64-B195-892E-C82059D74636}.Release|Any CPU.ActiveCfg = Release|Any CPU
		{10F290A2-0B64-B195-892E-C82059D74636}.Release|Any CPU.Build.0 = Release|Any CPU
		{9C2B0486-B6A7-56ED-5976-D9917740E449}.Debug|Any CPU.ActiveCfg = Debug|Any CPU
		{9C2B0486-B6A7-56ED-5976-D9917740E449}.Debug|Any CPU.Build.0 = Debug|Any CPU
		{9C2B0486-B6A7-56ED-5976-D9917740E449}.Release|Any CPU.ActiveCfg = Release|Any CPU
		{9C2B0486-B6A7-56ED-5976-D9917740E449}.Release|Any CPU.Build.0 = Release|Any CPU
	EndGlobalSection
	GlobalSection(SolutionProperties) = preSolution
		HideSolutionNode = FALSE
	EndGlobalSection
EndGlobal
